
Microsoft Visual Studio Solution File, Format Version 12.00
# Visual Studio Version 17
VisualStudioVersion = 17.14.36310.24 d17.14
MinimumVisualStudioVersion = 10.0.40219.1
Project("{FAE04EC0-301F-11D3-BF4B-00C04F79EFBC}") = "GntCSharpTest", "GntCSharpTest\GntCSharpTest.csproj", "{F021BE5E-C589-482F-8C72-0E3D2894FEB8}"
EndProject
Global
	GlobalSection(SolutionConfigurationPlatforms) = preSolution
		Debug|Any CPU = Debug|Any CPU
		Release|Any CPU = Release|Any CPU
	EndGlobalSection
	GlobalSection(ProjectConfigurationPlatforms) = postSolution
		{F021BE5E-C589-482F-8C72-0E3D2894FEB8}.Debug|Any CPU.ActiveCfg = Debug|Any CPU
		{F021BE5E-C589-482F-8C72-0E3D2894FEB8}.Debug|Any CPU.Build.0 = Debug|Any CPU
		{F021BE5E-C589-482F-8C72-0E3D2894FEB8}.Release|Any CPU.ActiveCfg = Release|Any CPU
		{F021BE5E-C589-482F-8C72-0E3D2894FEB8}.Release|Any CPU.Build.0 = Release|Any CPU
	EndGlobalSection
	GlobalSection(SolutionProperties) = preSolution
		HideSolutionNode = FALSE
	EndGlobalSection
	GlobalSection(ExtensibilityGlobals) = postSolution
		SolutionGuid = {24BCC2F9-1258-47EF-8A45-549788EAABC2}
	EndGlobalSection
EndGlobal
